
Microsoft Visual Studio Solution File, Format Version 12.00
# Visual Studio Version 17
VisualStudioVersion = 17.8.34322.80
MinimumVisualStudioVersion = 10.0.40219.1
Project("{FAE04EC0-301F-11D3-BF4B-00C04F79EFBC}") = "Bilgisayarli_Gorme", "Bilgisayarli_Gorme\Bilgisayarli_Gorme.csproj", "{88397947-B18C-4ED2-80DA-18448B36C701}"
EndProject
Global
	GlobalSection(SolutionConfigurationPlatforms) = preSolution
		Debug|Any CPU = Debug|Any CPU
		Release|Any CPU = Release|Any CPU
	EndGlobalSection
	GlobalSection(ProjectConfigurationPlatforms) = postSolution
		{88397947-B18C-4ED2-80DA-18448B36C701}.Debug|Any CPU.ActiveCfg = Debug|Any CPU
		{88397947-B18C-4ED2-80DA-18448B36C701}.Debug|Any CPU.Build.0 = Debug|Any CPU
		{88397947-B18C-4ED2-80DA-18448B36C701}.Release|Any CPU.ActiveCfg = Release|Any CPU
		{88397947-B18C-4ED2-80DA-18448B36C701}.Release|Any CPU.Build.0 = Release|Any CPU
	EndGlobalSection
	GlobalSection(SolutionProperties) = preSolution
		HideSolutionNode = FALSE
	EndGlobalSection
	GlobalSection(ExtensibilityGlobals) = postSolution
		SolutionGuid = {FACC87B0-323B-43E3-BBA4-3B242E930921}
	EndGlobalSection
EndGlobal
